
Microsoft Visual Studio Solution File, Format Version 12.00
# Visual Studio Version 16
VisualStudioVersion = 16.0.29411.108
MinimumVisualStudioVersion = 10.0.40219.1
Project("{8BC9CEB8-8B4A-11D0-8D11-00A0C91BC942}") = "TAP_TabalaZ", "TAP_TabalaZ\TAP_TabalaZ.vcxproj", "{E4BB2082-7D89-4BEE-83A2-228FE529F9C6}"
EndProject
Global
	GlobalSection(SolutionConfigurationPlatforms) = preSolution
		Debug|x64 = Debug|x64
		Debug|x86 = Debug|x86
		Release|x64 = Release|x64
		Release|x86 = Release|x86
	EndGlobalSection
	GlobalSection(ProjectConfigurationPlatforms) = postSolution
		{E4BB2082-7D89-4BEE-83A2-228FE529F9C6}.Debug|x64.ActiveCfg = Debug|x64
		{E4BB2082-7D89-4BEE-83A2-228FE529F9C6}.Debug|x64.Build.0 = Debug|x64
		{E4BB2082-7D89-4BEE-83A2-228FE529F9C6}.Debug|x86.ActiveCfg = Debug|Win32
		{E4BB2082-7D89-4BEE-83A2-228FE529F9C6}.Debug|x86.Build.0 = Debug|Win32
		{E4BB2082-7D89-4BEE-83A2-228FE529F9C6}.Release|x64.ActiveCfg = Release|x64
		{E4BB2082-7D89-4BEE-83A2-228FE529F9C6}.Release|x64.Build.0 = Release|x64
		{E4BB2082-7D89-4BEE-83A2-228FE529F9C6}.Release|x86.ActiveCfg = Release|Win32
		{E4BB2082-7D89-4BEE-83A2-228FE529F9C6}.Release|x86.Build.0 = Release|Win32
	EndGlobalSection
	GlobalSection(SolutionProperties) = preSolution
		HideSolutionNode = FALSE
	EndGlobalSection
	GlobalSection(ExtensibilityGlobals) = postSolution
		SolutionGuid = {C0A8F736-D1E0-4C5C-B4F4-F5122DA181B2}
	EndGlobalSection
EndGlobal
