
Microsoft Visual Studio Solution File, Format Version 12.00
# Visual Studio Version 16
VisualStudioVersion = 16.0.29411.108
MinimumVisualStudioVersion = 10.0.40219.1
Project("{FAE04EC0-301F-11D3-BF4B-00C04F79EFBC}") = "Laborator4", "Laborator4\Laborator4.csproj", "{F2DC376D-1ACF-4563-86DA-C0BE30FE58F7}"
EndProject
Global
	GlobalSection(SolutionConfigurationPlatforms) = preSolution
		Debug|Any CPU = Debug|Any CPU
		Release|Any CPU = Release|Any CPU
	EndGlobalSection
	GlobalSection(ProjectConfigurationPlatforms) = postSolution
		{F2DC376D-1ACF-4563-86DA-C0BE30FE58F7}.Debug|Any CPU.ActiveCfg = Debug|Any CPU
		{F2DC376D-1ACF-4563-86DA-C0BE30FE58F7}.Debug|Any CPU.Build.0 = Debug|Any CPU
		{F2DC376D-1ACF-4563-86DA-C0BE30FE58F7}.Release|Any CPU.ActiveCfg = Release|Any CPU
		{F2DC376D-1ACF-4563-86DA-C0BE30FE58F7}.Release|Any CPU.Build.0 = Release|Any CPU
	EndGlobalSection
	GlobalSection(SolutionProperties) = preSolution
		HideSolutionNode = FALSE
	EndGlobalSection
	GlobalSection(ExtensibilityGlobals) = postSolution
		SolutionGuid = {59A71CF1-502E-449D-A033-C281ABBC8112}
	EndGlobalSection
EndGlobal
