
Microsoft Visual Studio Solution File, Format Version 12.00
# Visual Studio Version 16
VisualStudioVersion = 16.0.29403.142
MinimumVisualStudioVersion = 10.0.40219.1
Project("{8BC9CEB8-8B4A-11D0-8D11-00A0C91BC942}") = "Planificare", "Planificare\Planificare.vcxproj", "{515F03F7-E541-4B13-A311-8F31B2BEEDD5}"
EndProject
Global
	GlobalSection(SolutionConfigurationPlatforms) = preSolution
		Debug|x64 = Debug|x64
		Debug|x86 = Debug|x86
		Release|x64 = Release|x64
		Release|x86 = Release|x86
	EndGlobalSection
	GlobalSection(ProjectConfigurationPlatforms) = postSolution
		{515F03F7-E541-4B13-A311-8F31B2BEEDD5}.Debug|x64.ActiveCfg = Debug|x64
		{515F03F7-E541-4B13-A311-8F31B2BEEDD5}.Debug|x64.Build.0 = Debug|x64
		{515F03F7-E541-4B13-A311-8F31B2BEEDD5}.Debug|x86.ActiveCfg = Debug|Win32
		{515F03F7-E541-4B13-A311-8F31B2BEEDD5}.Debug|x86.Build.0 = Debug|Win32
		{515F03F7-E541-4B13-A311-8F31B2BEEDD5}.Release|x64.ActiveCfg = Release|x64
		{515F03F7-E541-4B13-A311-8F31B2BEEDD5}.Release|x64.Build.0 = Release|x64
		{515F03F7-E541-4B13-A311-8F31B2BEEDD5}.Release|x86.ActiveCfg = Release|Win32
		{515F03F7-E541-4B13-A311-8F31B2BEEDD5}.Release|x86.Build.0 = Release|Win32
	EndGlobalSection
	GlobalSection(SolutionProperties) = preSolution
		HideSolutionNode = FALSE
	EndGlobalSection
	GlobalSection(ExtensibilityGlobals) = postSolution
		SolutionGuid = {78B333A7-8BB5-4799-9616-C3D080B54863}
	EndGlobalSection
EndGlobal
